// !$*UTF8*$!
{
	archiveVersion = 1;
	classes = {
	};
	objectVersion = 56;
	objects = {

/* Begin PBXBuildFile section */
		021B0A0279755D5F923397F5 /* RootView.swift in Sources */ = {isa = PBXBuildFile; fileRef = AEBCC53CFF445D9095F98AA5 /* RootView.swift */; };
		05FF97DC5CB2505C9417D33C /* CallView.swift in Sources */ = {isa = PBXBuildFile; fileRef = EE22F17B21645213A63A4997 /* CallView.swift */; };
		E9XPC4LLV1EW01M2M2M0001 /* ExpertCallView.swift in Sources */ = {isa = PBXBuildFile; fileRef = E9XPC4LLV1EW01M2M2MREF1 /* ExpertCallView.swift */; };
		0B3ED975AB405864A415B649 /* SoloARViewModel.swift in Sources */ = {isa = PBXBuildFile; fileRef = C1330EB2F146508DA96A1695 /* SoloARViewModel.swift */; };
		211C3A86A19D529BBFB7B581 /* OfflineAssistSessionView.swift in Sources */ = {isa = PBXBuildFile; fileRef = D896A509F8FE58B991D36D61 /* OfflineAssistSessionView.swift */; };
		219FF2F86D7858638D01EC66 /* AuthService.swift in Sources */ = {isa = PBXBuildFile; fileRef = 979F82CF648A55A797EFFF3C /* AuthService.swift */; };
		24D007C8E14A53B7A6688CF7 /* AppConfig.swift in Sources */ = {isa = PBXBuildFile; fileRef = D2A18DDADD905FBEB5AAD451 /* AppConfig.swift */; };
		26227887B2055316B281DA22 /* Supabase in Frameworks */ = {isa = PBXBuildFile; productRef = 9DC880856B2F5C0AA1BC321A /* Supabase */; };
		272A56BCC66F599D8CC2410D /* LiveKit in Frameworks */ = {isa = PBXBuildFile; productRef = FCD6CE4FB40F55A280657ADD /* LiveKit */; };
		36A07362B1FA53FDA3A9B7D1 /* GoogleOAuth.plist in Resources */ = {isa = PBXBuildFile; fileRef = 135208A55E5457919B250BCD /* GoogleOAuth.plist */; };
		7C75B4325FCC59A19D2CC84B /* LiveKitManager.swift in Sources */ = {isa = PBXBuildFile; fileRef = BFC94F6614505424BF88619A /* LiveKitManager.swift */; };
		7CCB41F0746456B6BFCE1938 /* GlassStyle.swift in Sources */ = {isa = PBXBuildFile; fileRef = 4DE77DDF995D54B7852F9ACE /* GlassStyle.swift */; };
		9A928F94D19D508BB340B357 /* SoloARContainer.swift in Sources */ = {isa = PBXBuildFile; fileRef = C337C51620D25620B633595F /* SoloARContainer.swift */; };
		C3B5E373D7925C3BB8BD138D /* SessionService.swift in Sources */ = {isa = PBXBuildFile; fileRef = 3F6DF81A49935117A7E6CFF9 /* SessionService.swift */; };
		M0D3LC4T5S3RV1C3F1L3E01 /* ModelCatalogService.swift in Sources */ = {isa = PBXBuildFile; fileRef = M0D3LC4T5S3RV1C3F1L3REF /* ModelCatalogService.swift */; };
		D19FA313E5A756948C40BF0E /* AuthViewModel.swift in Sources */ = {isa = PBXBuildFile; fileRef = D8304763AA215C91A4C66271 /* AuthViewModel.swift */; };
		DEB2155468A751DAA4A22D1E /* Assets.xcassets in Resources */ = {isa = PBXBuildFile; fileRef = 62D781FD4D645F0B8ACE2B05 /* Assets.xcassets */; };
		E4B8C2A19F3D5670AB12CD34 /* CallChrome.swift in Sources */ = {isa = PBXBuildFile; fileRef = F5C9D3B20A4E6781BC23DE45 /* CallChrome.swift */; };
		EB004D0473B25063AD0AFB8E /* AuthView.swift in Sources */ = {isa = PBXBuildFile; fileRef = 8A2CFFB1D7DD5B6DB2063513 /* AuthView.swift */; };
		EB17391064CF54EDACCE0872 /* HomeView.swift in Sources */ = {isa = PBXBuildFile; fileRef = DD6A2F49CF465596B3117C9C /* HomeView.swift */; };
		F0D3370A01D556F1B65C2D1F /* GGSAppleApp.swift in Sources */ = {isa = PBXBuildFile; fileRef = A027D4A23BF55B32A01E7F19 /* GGSAppleApp.swift */; };
		F538B5ECBAB95506A693C758 /* HomeViewModel.swift in Sources */ = {isa = PBXBuildFile; fileRef = EABA4A92CC7A5604BAEDD86D /* HomeViewModel.swift */; };
		FA3D891BC4325D08B320B53B /* AppTheme.swift in Sources */ = {isa = PBXBuildFile; fileRef = 9F1C617D239C5217A5C608C5 /* AppTheme.swift */; };
/* End PBXBuildFile section */

/* Begin PBXFileReference section */
		135208A55E5457919B250BCD /* GoogleOAuth.plist */ = {isa = PBXFileReference; lastKnownFileType = text.plist.xml; path = GoogleOAuth.plist; sourceTree = "<group>"; };
		3F6DF81A49935117A7E6CFF9 /* SessionService.swift */ = {isa = PBXFileReference; lastKnownFileType = sourcecode.swift; path = SessionService.swift; sourceTree = "<group>"; };
		M0D3LC4T5S3RV1C3F1L3REF /* ModelCatalogService.swift */ = {isa = PBXFileReference; lastKnownFileType = sourcecode.swift; path = ModelCatalogService.swift; sourceTree = "<group>"; };
		4DE77DDF995D54B7852F9ACE /* GlassStyle.swift */ = {isa = PBXFileReference; lastKnownFileType = sourcecode.swift; path = GlassStyle.swift; sourceTree = "<group>"; };
		62D781FD4D645F0B8ACE2B05 /* Assets.xcassets */ = {isa = PBXFileReference; lastKnownFileType = folder.assetcatalog; path = Assets.xcassets; sourceTree = "<group>"; };
		7F11B21BE93F5101B609FF47 /* Info.plist */ = {isa = PBXFileReference; lastKnownFileType = text.plist.xml; path = Info.plist; sourceTree = "<group>"; };
		8A2CFFB1D7DD5B6DB2063513 /* AuthView.swift */ = {isa = PBXFileReference; lastKnownFileType = sourcecode.swift; path = AuthView.swift; sourceTree = "<group>"; };
		979F82CF648A55A797EFFF3C /* AuthService.swift */ = {isa = PBXFileReference; lastKnownFileType = sourcecode.swift; path = AuthService.swift; sourceTree = "<group>"; };
		9F1C617D239C5217A5C608C5 /* AppTheme.swift */ = {isa = PBXFileReference; lastKnownFileType = sourcecode.swift; path = AppTheme.swift; sourceTree = "<group>"; };
		A027D4A23BF55B32A01E7F19 /* GGSAppleApp.swift */ = {isa = PBXFileReference; lastKnownFileType = sourcecode.swift; path = GGSAppleApp.swift; sourceTree = "<group>"; };
		A0D64FF2CD37517F8969A9B6 /* GGSApple.app */ = {isa = PBXFileReference; explicitFileType = wrapper.application; includeInIndex = 0; path = GGSApple.app; sourceTree = BUILT_PRODUCTS_DIR; };
		AEBCC53CFF445D9095F98AA5 /* RootView.swift */ = {isa = PBXFileReference; lastKnownFileType = sourcecode.swift; path = RootView.swift; sourceTree = "<group>"; };
		BFC94F6614505424BF88619A /* LiveKitManager.swift */ = {isa = PBXFileReference; lastKnownFileType = sourcecode.swift; path = LiveKitManager.swift; sourceTree = "<group>"; };
		C1330EB2F146508DA96A1695 /* SoloARViewModel.swift */ = {isa = PBXFileReference; lastKnownFileType = sourcecode.swift; path = SoloARViewModel.swift; sourceTree = "<group>"; };
		C337C51620D25620B633595F /* SoloARContainer.swift */ = {isa = PBXFileReference; lastKnownFileType = sourcecode.swift; path = SoloARContainer.swift; sourceTree = "<group>"; };
		D2A18DDADD905FBEB5AAD451 /* AppConfig.swift */ = {isa = PBXFileReference; lastKnownFileType = sourcecode.swift; path = AppConfig.swift; sourceTree = "<group>"; };
		D8304763AA215C91A4C66271 /* AuthViewModel.swift */ = {isa = PBXFileReference; lastKnownFileType = sourcecode.swift; path = AuthViewModel.swift; sourceTree = "<group>"; };
		D896A509F8FE58B991D36D61 /* OfflineAssistSessionView.swift */ = {isa = PBXFileReference; lastKnownFileType = sourcecode.swift; path = OfflineAssistSessionView.swift; sourceTree = "<group>"; };
		DD6A2F49CF465596B3117C9C /* HomeView.swift */ = {isa = PBXFileReference; lastKnownFileType = sourcecode.swift; path = HomeView.swift; sourceTree = "<group>"; };
		EABA4A92CC7A5604BAEDD86D /* HomeViewModel.swift */ = {isa = PBXFileReference; lastKnownFileType = sourcecode.swift; path = HomeViewModel.swift; sourceTree = "<group>"; };
		EE22F17B21645213A63A4997 /* CallView.swift */ = {isa = PBXFileReference; lastKnownFileType = sourcecode.swift; path = CallView.swift; sourceTree = "<group>"; };
		E9XPC4LLV1EW01M2M2MREF1 /* ExpertCallView.swift */ = {isa = PBXFileReference; lastKnownFileType = sourcecode.swift; path = ExpertCallView.swift; sourceTree = "<group>"; };
		F5C9D3B20A4E6781BC23DE45 /* CallChrome.swift */ = {isa = PBXFileReference; lastKnownFileType = sourcecode.swift; path = CallChrome.swift; sourceTree = "<group>"; };
/* End PBXFileReference section */

/* Begin PBXFrameworksBuildPhase section */
		23064879EDF25734AD346B36 /* Frameworks */ = {
			isa = PBXFrameworksBuildPhase;
			buildActionMask = 2147483647;
			files = (
				26227887B2055316B281DA22 /* Supabase in Frameworks */,
				272A56BCC66F599D8CC2410D /* LiveKit in Frameworks */,
			);
			runOnlyForDeploymentPostprocessing = 0;
		};
/* End PBXFrameworksBuildPhase section */

/* Begin PBXGroup section */
		0AB6E26C255E575BAF422F37 /* Resources */ = {
			isa = PBXGroup;
			children = (
				62D781FD4D645F0B8ACE2B05 /* Assets.xcassets */,
				7F11B21BE93F5101B609FF47 /* Info.plist */,
			);
			path = Resources;
			sourceTree = "<group>";
		};
		1339FB1EAA0B5917A3FA6025 /* Networking */ = {
			isa = PBXGroup;
			children = (
				M0D3LC4T5S3RV1C3F1L3REF /* ModelCatalogService.swift */,
				3F6DF81A49935117A7E6CFF9 /* SessionService.swift */,
			);
			path = Networking;
			sourceTree = "<group>";
		};
		24D4EE6945CE506A86C31FB5 /* Products */ = {
			isa = PBXGroup;
			children = (
				A0D64FF2CD37517F8969A9B6 /* GGSApple.app */,
			);
			name = Products;
			sourceTree = "<group>";
		};
		2605F1F76AB7500C9150994B /* GGSApple */ = {
			isa = PBXGroup;
			children = (
				E6E13C7962BA59449B2673B6 /* App */,
				E9DAD1756B4A567A8E11F378 /* Auth */,
				6154F655F69F51639F0CF857 /* Call */,
				E9C6EE80106F50E7AAC2A505 /* Config */,
				FCB8844B2EF65CCDB2B62744 /* Home */,
				1339FB1EAA0B5917A3FA6025 /* Networking */,
				0AB6E26C255E575BAF422F37 /* Resources */,
				DABEEAA7D69055DFB590511D /* SoloAR */,
			);
			path = GGSApple;
			sourceTree = "<group>";
		};
		6154F655F69F51639F0CF857 /* Call */ = {
			isa = PBXGroup;
			children = (
				EE22F17B21645213A63A4997 /* CallView.swift */,
				E9XPC4LLV1EW01M2M2MREF1 /* ExpertCallView.swift */,
				BFC94F6614505424BF88619A /* LiveKitManager.swift */,
			);
			path = Call;
			sourceTree = "<group>";
		};
		CC40C7B0B6E95747ACAA8FD0 = {
			isa = PBXGroup;
			children = (
				2605F1F76AB7500C9150994B /* GGSApple */,
				24D4EE6945CE506A86C31FB5 /* Products */,
			);
			sourceTree = "<group>";
		};
		DABEEAA7D69055DFB590511D /* SoloAR */ = {
			isa = PBXGroup;
			children = (
				C337C51620D25620B633595F /* SoloARContainer.swift */,
				C1330EB2F146508DA96A1695 /* SoloARViewModel.swift */,
				D896A509F8FE58B991D36D61 /* OfflineAssistSessionView.swift */,
			);
			path = SoloAR;
			sourceTree = "<group>";
		};
		E6E13C7962BA59449B2673B6 /* App */ = {
			isa = PBXGroup;
			children = (
				A027D4A23BF55B32A01E7F19 /* GGSAppleApp.swift */,
				AEBCC53CFF445D9095F98AA5 /* RootView.swift */,
			);
			path = App;
			sourceTree = "<group>";
		};
		E9C6EE80106F50E7AAC2A505 /* Config */ = {
			isa = PBXGroup;
			children = (
				D2A18DDADD905FBEB5AAD451 /* AppConfig.swift */,
				9F1C617D239C5217A5C608C5 /* AppTheme.swift */,
				4DE77DDF995D54B7852F9ACE /* GlassStyle.swift */,
				F5C9D3B20A4E6781BC23DE45 /* CallChrome.swift */,
				135208A55E5457919B250BCD /* GoogleOAuth.plist */,
			);
			path = Config;
			sourceTree = "<group>";
		};
		E9DAD1756B4A567A8E11F378 /* Auth */ = {
			isa = PBXGroup;
			children = (
				979F82CF648A55A797EFFF3C /* AuthService.swift */,
				8A2CFFB1D7DD5B6DB2063513 /* AuthView.swift */,
				D8304763AA215C91A4C66271 /* AuthViewModel.swift */,
			);
			path = Auth;
			sourceTree = "<group>";
		};
		FCB8844B2EF65CCDB2B62744 /* Home */ = {
			isa = PBXGroup;
			children = (
				DD6A2F49CF465596B3117C9C /* HomeView.swift */,
				EABA4A92CC7A5604BAEDD86D /* HomeViewModel.swift */,
			);
			path = Home;
			sourceTree = "<group>";
		};
/* End PBXGroup section */

/* Begin PBXNativeTarget section */
		B6F1AB511F695EE68C0D092F /* GGSApple */ = {
			isa = PBXNativeTarget;
			buildConfigurationList = 4AF7D72BC1EA5969B19DD78C /* Build configuration list for PBXNativeTarget "GGSApple" */;
			buildPhases = (
				4D6F56328317541C931BE0E2 /* Sources */,
				23064879EDF25734AD346B36 /* Frameworks */,
				60EC7949D1885A47BDE73D24 /* Resources */,
			);
			buildRules = (
			);
			dependencies = (
			);
			name = GGSApple;
			packageProductDependencies = (
				9DC880856B2F5C0AA1BC321A /* Supabase */,
				FCD6CE4FB40F55A280657ADD /* LiveKit */,
			);
			productName = GGSApple;
			productReference = A0D64FF2CD37517F8969A9B6 /* GGSApple.app */;
			productType = "com.apple.product-type.application";
		};
/* End PBXNativeTarget section */

/* Begin PBXProject section */
		8723796756FC5B1DB868CEB7 /* Project object */ = {
			isa = PBXProject;
			attributes = {
				BuildIndependentTargetsInParallel = 1;
				LastSwiftUpdateCheck = 2600;
				LastUpgradeCheck = 2600;
			};
			buildConfigurationList = CF71AD08A2E9518EA1020DC7 /* Build configuration list for PBXProject "GGSApple" */;
			compatibilityVersion = "Xcode 14.0";
			developmentRegion = en;
			hasScannedForEncodings = 0;
			knownRegions = (
				en,
				Base,
			);
			mainGroup = CC40C7B0B6E95747ACAA8FD0;
			packageReferences = (
				506D7AA8A494524CB243380D /* XCRemoteSwiftPackageReference "supabase-swift" */,
				A73E1085F1E55F29BDC12A7B /* XCRemoteSwiftPackageReference "client-sdk-swift" */,
			);
			productRefGroup = 24D4EE6945CE506A86C31FB5 /* Products */;
			projectDirPath = "";
			projectRoot = "";
			targets = (
				B6F1AB511F695EE68C0D092F /* GGSApple */,
			);
		};
/* End PBXProject section */

/* Begin PBXResourcesBuildPhase section */
		60EC7949D1885A47BDE73D24 /* Resources */ = {
			isa = PBXResourcesBuildPhase;
			buildActionMask = 2147483647;
			files = (
				DEB2155468A751DAA4A22D1E /* Assets.xcassets in Resources */,
				36A07362B1FA53FDA3A9B7D1 /* GoogleOAuth.plist in Resources */,
			);
			runOnlyForDeploymentPostprocessing = 0;
		};
/* End PBXResourcesBuildPhase section */

/* Begin PBXSourcesBuildPhase section */
		4D6F56328317541C931BE0E2 /* Sources */ = {
			isa = PBXSourcesBuildPhase;
			buildActionMask = 2147483647;
			files = (
				F0D3370A01D556F1B65C2D1F /* GGSAppleApp.swift in Sources */,
				021B0A0279755D5F923397F5 /* RootView.swift in Sources */,
				219FF2F86D7858638D01EC66 /* AuthService.swift in Sources */,
				EB004D0473B25063AD0AFB8E /* AuthView.swift in Sources */,
				D19FA313E5A756948C40BF0E /* AuthViewModel.swift in Sources */,
				05FF97DC5CB2505C9417D33C /* CallView.swift in Sources */,
				E9XPC4LLV1EW01M2M2M0001 /* ExpertCallView.swift in Sources */,
				7C75B4325FCC59A19D2CC84B /* LiveKitManager.swift in Sources */,
				24D007C8E14A53B7A6688CF7 /* AppConfig.swift in Sources */,
				FA3D891BC4325D08B320B53B /* AppTheme.swift in Sources */,
				7CCB41F0746456B6BFCE1938 /* GlassStyle.swift in Sources */,
				E4B8C2A19F3D5670AB12CD34 /* CallChrome.swift in Sources */,
				EB17391064CF54EDACCE0872 /* HomeView.swift in Sources */,
				F538B5ECBAB95506A693C758 /* HomeViewModel.swift in Sources */,
				C3B5E373D7925C3BB8BD138D /* SessionService.swift in Sources */,
				M0D3LC4T5S3RV1C3F1L3E01 /* ModelCatalogService.swift in Sources */,
				9A928F94D19D508BB340B357 /* SoloARContainer.swift in Sources */,
				0B3ED975AB405864A415B649 /* SoloARViewModel.swift in Sources */,
				211C3A86A19D529BBFB7B581 /* OfflineAssistSessionView.swift in Sources */,
			);
			runOnlyForDeploymentPostprocessing = 0;
		};
/* End PBXSourcesBuildPhase section */

/* Begin XCBuildConfiguration section */
		4FA554590DDE574C8EEBFB75 /* Debug */ = {
			isa = XCBuildConfiguration;
			buildSettings = {
				ALWAYS_SEARCH_USER_PATHS = NO;
				CLANG_ENABLE_MODULES = YES;
				IPHONEOS_DEPLOYMENT_TARGET = 17.0;
				ONLY_ACTIVE_ARCH = YES;
				SDKROOT = iphoneos;
				SWIFT_ACTIVE_COMPILATION_CONDITIONS = "DEBUG $(inherited)";
				SWIFT_OPTIMIZATION_LEVEL = "-Onone";
			};
			name = Debug;
		};
		5AF0A7AC85E9502689FB33A2 /* Debug */ = {
			isa = XCBuildConfiguration;
			buildSettings = {
				ASSETCATALOG_COMPILER_APPICON_NAME = AppIcon;
				CODE_SIGN_STYLE = Automatic;
				CURRENT_PROJECT_VERSION = 1;
				DEVELOPMENT_TEAM = YX9X5TTRA2;
				GENERATE_INFOPLIST_FILE = NO;
				INFOPLIST_FILE = GGSApple/Resources/Info.plist;
				LD_RUNPATH_SEARCH_PATHS = (
					"$(inherited)",
					"@executable_path/Frameworks",
				);
				MARKETING_VERSION = 1.0;
				PRODUCT_BUNDLE_IDENTIFIER = com.ggsapple.remotear.instant;
				PRODUCT_NAME = "$(TARGET_NAME)";
				SUPPORTED_PLATFORMS = "iphoneos iphonesimulator";
				SUPPORTS_MACCATALYST = NO;
				SWIFT_VERSION = 5.0;
				TARGETED_DEVICE_FAMILY = 1;
			};
			name = Debug;
		};
		90EDC98064B456448F352A05 /* Release */ = {
			isa = XCBuildConfiguration;
			buildSettings = {
				ALWAYS_SEARCH_USER_PATHS = NO;
				CLANG_ENABLE_MODULES = YES;
				IPHONEOS_DEPLOYMENT_TARGET = 17.0;
				SDKROOT = iphoneos;
				SWIFT_COMPILATION_MODE = wholemodule;
			};
			name = Release;
		};
		DC375374640D5165ABAD8FAC /* Release */ = {
			isa = XCBuildConfiguration;
			buildSettings = {
				ASSETCATALOG_COMPILER_APPICON_NAME = AppIcon;
				CODE_SIGN_STYLE = Automatic;
				CURRENT_PROJECT_VERSION = 1;
				DEVELOPMENT_TEAM = YX9X5TTRA2;
				GENERATE_INFOPLIST_FILE = NO;
				INFOPLIST_FILE = GGSApple/Resources/Info.plist;
				LD_RUNPATH_SEARCH_PATHS = (
					"$(inherited)",
					"@executable_path/Frameworks",
				);
				MARKETING_VERSION = 1.0;
				PRODUCT_BUNDLE_IDENTIFIER = com.ggsapple.remotear.instant;
				PRODUCT_NAME = "$(TARGET_NAME)";
				SUPPORTED_PLATFORMS = "iphoneos iphonesimulator";
				SUPPORTS_MACCATALYST = NO;
				SWIFT_VERSION = 5.0;
				TARGETED_DEVICE_FAMILY = 1;
			};
			name = Release;
		};
/* End XCBuildConfiguration section */

/* Begin XCConfigurationList section */
		4AF7D72BC1EA5969B19DD78C /* Build configuration list for PBXNativeTarget "GGSApple" */ = {
			isa = XCConfigurationList;
			buildConfigurations = (
				5AF0A7AC85E9502689FB33A2 /* Debug */,
				DC375374640D5165ABAD8FAC /* Release */,
			);
			defaultConfigurationIsVisible = 0;
			defaultConfigurationName = Release;
		};
		CF71AD08A2E9518EA1020DC7 /* Build configuration list for PBXProject "GGSApple" */ = {
			isa = XCConfigurationList;
			buildConfigurations = (
				4FA554590DDE574C8EEBFB75 /* Debug */,
				90EDC98064B456448F352A05 /* Release */,
			);
			defaultConfigurationIsVisible = 0;
			defaultConfigurationName = Release;
		};
/* End XCConfigurationList section */

/* Begin XCRemoteSwiftPackageReference section */
		506D7AA8A494524CB243380D /* XCRemoteSwiftPackageReference "supabase-swift" */ = {
			isa = XCRemoteSwiftPackageReference;
			repositoryURL = "https://github.com/supabase/supabase-swift";
			requirement = {
				kind = upToNextMajorVersion;
				minimumVersion = 2.5.0;
			};
		};
		A73E1085F1E55F29BDC12A7B /* XCRemoteSwiftPackageReference "client-sdk-swift" */ = {
			isa = XCRemoteSwiftPackageReference;
			repositoryURL = "https://github.com/livekit/client-sdk-swift";
			requirement = {
				kind = upToNextMajorVersion;
				minimumVersion = 2.0.0;
			};
		};
/* End XCRemoteSwiftPackageReference section */

/* Begin XCSwiftPackageProductDependency section */
		9DC880856B2F5C0AA1BC321A /* Supabase */ = {
			isa = XCSwiftPackageProductDependency;
			package = 506D7AA8A494524CB243380D /* XCRemoteSwiftPackageReference "supabase-swift" */;
			productName = Supabase;
		};
		FCD6CE4FB40F55A280657ADD /* LiveKit */ = {
			isa = XCSwiftPackageProductDependency;
			package = A73E1085F1E55F29BDC12A7B /* XCRemoteSwiftPackageReference "client-sdk-swift" */;
			productName = LiveKit;
		};
/* End XCSwiftPackageProductDependency section */
	};
	rootObject = 8723796756FC5B1DB868CEB7 /* Project object */;
}
